
Microsoft Visual Studio Solution File, Format Version 12.00
# Visual Studio Version 17
VisualStudioVersion = 17.0.31903.59
MinimumVisualStudioVersion = 10.0.40219.1
Project("{FAE04EC0-301F-11D3-BF4B-00C04F79EFBC}") = "Domain", "Domain\Domain.csproj", "{E24CDF21-DFF3-4F6E-916A-FE873D6C141C}"
EndProject
Project("{FAE04EC0-301F-11D3-BF4B-00C04F79EFBC}") = "Infrastructure", "Infrastructure\Infrastructure.csproj", "{4BA4CF9F-1B35-4480-B4DE-85F772D64986}"
EndProject
Project("{FAE04EC0-301F-11D3-BF4B-00C04F79EFBC}") = "Application", "Application\Application.csproj", "{DA8E8862-C193-49A9-8F10-714DB9A39BFC}"
EndProject
Project("{FAE04EC0-301F-11D3-BF4B-00C04F79EFBC}") = "WebAPI", "WebAPI\WebAPI.csproj", "{C16732E0-404C-47AF-8136-67F91048CE18}"
EndProject
Project("{E53339B2-1760-4266-BCC7-CA923CBCF16C}") = "docker-compose", "docker-compose.dcproj", "{14150B51-91AF-417F-ADBE-BCC320E66D0F}"
EndProject
Project("{2150E333-8FDC-42A3-9474-1A3956D46DE8}") = "Solution Items", "Solution Items", "{12606C44-D021-47EC-AE1D-298C9789335C}"
	ProjectSection(SolutionItems) = preProject
		Dockerfile = Dockerfile
	EndProjectSection
EndProject
Global
	GlobalSection(SolutionConfigurationPlatforms) = preSolution
		Debug|Any CPU = Debug|Any CPU
		Release|Any CPU = Release|Any CPU
	EndGlobalSection
	GlobalSection(SolutionProperties) = preSolution
		HideSolutionNode = FALSE
	EndGlobalSection
	GlobalSection(ProjectConfigurationPlatforms) = postSolution
		{E24CDF21-DFF3-4F6E-916A-FE873D6C141C}.Debug|Any CPU.ActiveCfg = Debug|Any CPU
		{E24CDF21-DFF3-4F6E-916A-FE873D6C141C}.Debug|Any CPU.Build.0 = Debug|Any CPU
		{E24CDF21-DFF3-4F6E-916A-FE873D6C141C}.Release|Any CPU.ActiveCfg = Release|Any CPU
		{E24CDF21-DFF3-4F6E-916A-FE873D6C141C}.Release|Any CPU.Build.0 = Release|Any CPU
		{4BA4CF9F-1B35-4480-B4DE-85F772D64986}.Debug|Any CPU.ActiveCfg = Debug|Any CPU
		{4BA4CF9F-1B35-4480-B4DE-85F772D64986}.Debug|Any CPU.Build.0 = Debug|Any CPU
		{4BA4CF9F-1B35-4480-B4DE-85F772D64986}.Release|Any CPU.ActiveCfg = Release|Any CPU
		{4BA4CF9F-1B35-4480-B4DE-85F772D64986}.Release|Any CPU.Build.0 = Release|Any CPU
		{DA8E8862-C193-49A9-8F10-714DB9A39BFC}.Debug|Any CPU.ActiveCfg = Debug|Any CPU
		{DA8E8862-C193-49A9-8F10-714DB9A39BFC}.Debug|Any CPU.Build.0 = Debug|Any CPU
		{DA8E8862-C193-49A9-8F10-714DB9A39BFC}.Release|Any CPU.ActiveCfg = Release|Any CPU
		{DA8E8862-C193-49A9-8F10-714DB9A39BFC}.Release|Any CPU.Build.0 = Release|Any CPU
		{C16732E0-404C-47AF-8136-67F91048CE18}.Debug|Any CPU.ActiveCfg = Debug|Any CPU
		{C16732E0-404C-47AF-8136-67F91048CE18}.Debug|Any CPU.Build.0 = Debug|Any CPU
		{C16732E0-404C-47AF-8136-67F91048CE18}.Release|Any CPU.ActiveCfg = Release|Any CPU
		{C16732E0-404C-47AF-8136-67F91048CE18}.Release|Any CPU.Build.0 = Release|Any CPU
		{14150B51-91AF-417F-ADBE-BCC320E66D0F}.Debug|Any CPU.ActiveCfg = Debug|Any CPU
		{14150B51-91AF-417F-ADBE-BCC320E66D0F}.Debug|Any CPU.Build.0 = Debug|Any CPU
		{14150B51-91AF-417F-ADBE-BCC320E66D0F}.Release|Any CPU.ActiveCfg = Release|Any CPU
		{14150B51-91AF-417F-ADBE-BCC320E66D0F}.Release|Any CPU.Build.0 = Release|Any CPU
	EndGlobalSection
EndGlobal
